
Microsoft Visual Studio Solution File, Format Version 12.00
# Visual Studio 15
VisualStudioVersion = 15.0.26403.3
MinimumVisualStudioVersion = 10.0.40219.1
Project("{FAE04EC0-301F-11D3-BF4B-00C04F79EFBC}") = "CommonSpider.Web", "CommonSpider.Web\CommonSpider.Web.csproj", "{DC181DF9-D29C-4ECD-BC43-3CAD9E52C830}"
EndProject
Project("{FAE04EC0-301F-11D3-BF4B-00C04F79EFBC}") = "CommonSpider.XUnitTest", "CommonSpider.XUnitTest\CommonSpider.XUnitTest.csproj", "{FB65B962-6A13-4B73-A214-C3EED3A6E5F2}"
EndProject
Project("{FAE04EC0-301F-11D3-BF4B-00C04F79EFBC}") = "CommonSpider.Context", "CommonSpider.Context\CommonSpider.Context.csproj", "{D95D9157-1F4A-47E3-834F-C76D289ED2D3}"
EndProject
Project("{FAE04EC0-301F-11D3-BF4B-00C04F79EFBC}") = "CommonSpider.DAL", "CommonSpider.DAL\CommonSpider.DAL.csproj", "{83DE17B0-F243-4FBD-9F5B-48CA53F8C68C}"
EndProject
Project("{FAE04EC0-301F-11D3-BF4B-00C04F79EFBC}") = "CommonSpider.Model", "CommonSpider.Model\CommonSpider.Model.csproj", "{B7DCDDC8-CD61-472B-AF5D-F18CE49CB06C}"
EndProject
Global
	GlobalSection(SolutionConfigurationPlatforms) = preSolution
		Debug|Any CPU = Debug|Any CPU
		Release|Any CPU = Release|Any CPU
	EndGlobalSection
	GlobalSection(ProjectConfigurationPlatforms) = postSolution
		{DC181DF9-D29C-4ECD-BC43-3CAD9E52C830}.Debug|Any CPU.ActiveCfg = Debug|Any CPU
		{DC181DF9-D29C-4ECD-BC43-3CAD9E52C830}.Debug|Any CPU.Build.0 = Debug|Any CPU
		{DC181DF9-D29C-4ECD-BC43-3CAD9E52C830}.Release|Any CPU.ActiveCfg = Release|Any CPU
		{DC181DF9-D29C-4ECD-BC43-3CAD9E52C830}.Release|Any CPU.Build.0 = Release|Any CPU
		{FB65B962-6A13-4B73-A214-C3EED3A6E5F2}.Debug|Any CPU.ActiveCfg = Debug|Any CPU
		{FB65B962-6A13-4B73-A214-C3EED3A6E5F2}.Debug|Any CPU.Build.0 = Debug|Any CPU
		{FB65B962-6A13-4B73-A214-C3EED3A6E5F2}.Release|Any CPU.ActiveCfg = Release|Any CPU
		{FB65B962-6A13-4B73-A214-C3EED3A6E5F2}.Release|Any CPU.Build.0 = Release|Any CPU
		{D95D9157-1F4A-47E3-834F-C76D289ED2D3}.Debug|Any CPU.ActiveCfg = Debug|Any CPU
		{D95D9157-1F4A-47E3-834F-C76D289ED2D3}.Debug|Any CPU.Build.0 = Debug|Any CPU
		{D95D9157-1F4A-47E3-834F-C76D289ED2D3}.Release|Any CPU.ActiveCfg = Release|Any CPU
		{D95D9157-1F4A-47E3-834F-C76D289ED2D3}.Release|Any CPU.Build.0 = Release|Any CPU
		{83DE17B0-F243-4FBD-9F5B-48CA53F8C68C}.Debug|Any CPU.ActiveCfg = Debug|Any CPU
		{83DE17B0-F243-4FBD-9F5B-48CA53F8C68C}.Debug|Any CPU.Build.0 = Debug|Any CPU
		{83DE17B0-F243-4FBD-9F5B-48CA53F8C68C}.Release|Any CPU.ActiveCfg = Release|Any CPU
		{83DE17B0-F243-4FBD-9F5B-48CA53F8C68C}.Release|Any CPU.Build.0 = Release|Any CPU
		{B7DCDDC8-CD61-472B-AF5D-F18CE49CB06C}.Debug|Any CPU.ActiveCfg = Debug|Any CPU
		{B7DCDDC8-CD61-472B-AF5D-F18CE49CB06C}.Debug|Any CPU.Build.0 = Debug|Any CPU
		{B7DCDDC8-CD61-472B-AF5D-F18CE49CB06C}.Release|Any CPU.ActiveCfg = Release|Any CPU
		{B7DCDDC8-CD61-472B-AF5D-F18CE49CB06C}.Release|Any CPU.Build.0 = Release|Any CPU
	EndGlobalSection
	GlobalSection(SolutionProperties) = preSolution
		HideSolutionNode = FALSE
	EndGlobalSection
EndGlobal
